
Microsoft Visual Studio Solution File, Format Version 12.00
# Visual Studio Version 16
VisualStudioVersion = 16.0.28705.295
MinimumVisualStudioVersion = 10.0.40219.1
Project("{FAE04EC0-301F-11D3-BF4B-00C04F79EFBC}") = "MaratonaLive.Website", "MaratonaLive.Website\MaratonaLive.Website.csproj", "{38BD6569-61B8-467B-958A-DEC2ADDFA077}"
EndProject
Global
	GlobalSection(SolutionConfigurationPlatforms) = preSolution
		Debug|Any CPU = Debug|Any CPU
		Release|Any CPU = Release|Any CPU
	EndGlobalSection
	GlobalSection(ProjectConfigurationPlatforms) = postSolution
		{38BD6569-61B8-467B-958A-DEC2ADDFA077}.Debug|Any CPU.ActiveCfg = Debug|Any CPU
		{38BD6569-61B8-467B-958A-DEC2ADDFA077}.Debug|Any CPU.Build.0 = Debug|Any CPU
		{38BD6569-61B8-467B-958A-DEC2ADDFA077}.Release|Any CPU.ActiveCfg = Release|Any CPU
		{38BD6569-61B8-467B-958A-DEC2ADDFA077}.Release|Any CPU.Build.0 = Release|Any CPU
	EndGlobalSection
	GlobalSection(SolutionProperties) = preSolution
		HideSolutionNode = FALSE
	EndGlobalSection
	GlobalSection(ExtensibilityGlobals) = postSolution
		SolutionGuid = {1A3CE85B-C364-401F-8427-693214715248}
	EndGlobalSection
EndGlobal
